// !$*UTF8*$!
{
	archiveVersion = 1;
	classes = {
	};
	objectVersion = 46;
	objects = {

/* Begin PBXBuildFile section */
		D7002EFC1BED45CC006E58D9 /* ImageViewController.swift in Sources */ = {isa = PBXBuildFile; fileRef = D7002EFB1BED45CC006E58D9 /* ImageViewController.swift */; };
		D79E76D61BEBF4480072B685 /* AppDelegate.swift in Sources */ = {isa = PBXBuildFile; fileRef = D79E76D51BEBF4480072B685 /* AppDelegate.swift */; };
		D79E76D81BEBF4480072B685 /* ViewController.swift in Sources */ = {isa = PBXBuildFile; fileRef = D79E76D71BEBF4480072B685 /* ViewController.swift */; };
		D79E76DB1BEBF4480072B685 /* Main.storyboard in Resources */ = {isa = PBXBuildFile; fileRef = D79E76D91BEBF4480072B685 /* Main.storyboard */; };
		D79E76DD1BEBF4480072B685 /* Assets.xcassets in Resources */ = {isa = PBXBuildFile; fileRef = D79E76DC1BEBF4480072B685 /* Assets.xcassets */; };
		D79E76E01BEBF4480072B685 /* LaunchScreen.storyboard in Resources */ = {isa = PBXBuildFile; fileRef = D79E76DE1BEBF4480072B685 /* LaunchScreen.storyboard */; };
		D79E76EB1BEBF4480072B685 /* IntergalacticTravelTests.swift in Sources */ = {isa = PBXBuildFile; fileRef = D79E76EA1BEBF4480072B685 /* IntergalacticTravelTests.swift */; };
		D79E76F61BEBF4480072B685 /* IntergalacticTravelUITests.swift in Sources */ = {isa = PBXBuildFile; fileRef = D79E76F51BEBF4480072B685 /* IntergalacticTravelUITests.swift */; };
/* End PBXBuildFile section */

/* Begin PBXContainerItemProxy section */
		D79E76E71BEBF4480072B685 /* PBXContainerItemProxy */ = {
			isa = PBXContainerItemProxy;
			containerPortal = D79E76CA1BEBF4480072B685 /* Project object */;
			proxyType = 1;
			remoteGlobalIDString = D79E76D11BEBF4480072B685;
			remoteInfo = IntergalacticTravel;
		};
		D79E76F21BEBF4480072B685 /* PBXContainerItemProxy */ = {
			isa = PBXContainerItemProxy;
			containerPortal = D79E76CA1BEBF4480072B685 /* Project object */;
			proxyType = 1;
			remoteGlobalIDString = D79E76D11BEBF4480072B685;
			remoteInfo = IntergalacticTravel;
		};
/* End PBXContainerItemProxy section */

/* Begin PBXFileReference section */
		D7002EFB1BED45CC006E58D9 /* ImageViewController.swift */ = {isa = PBXFileReference; fileEncoding = 4; lastKnownFileType = sourcecode.swift; path = ImageViewController.swift; sourceTree = "<group>"; };
		D79E76D21BEBF4480072B685 /* IntergalacticTravel.app */ = {isa = PBXFileReference; explicitFileType = wrapper.application; includeInIndex = 0; path = IntergalacticTravel.app; sourceTree = BUILT_PRODUCTS_DIR; };
		D79E76D51BEBF4480072B685 /* AppDelegate.swift */ = {isa = PBXFileReference; lastKnownFileType = sourcecode.swift; path = AppDelegate.swift; sourceTree = "<group>"; };
		D79E76D71BEBF4480072B685 /* ViewController.swift */ = {isa = PBXFileReference; lastKnownFileType = sourcecode.swift; path = ViewController.swift; sourceTree = "<group>"; };
		D79E76DA1BEBF4480072B685 /* Base */ = {isa = PBXFileReference; lastKnownFileType = file.storyboard; name = Base; path = Base.lproj/Main.storyboard; sourceTree = "<group>"; };
		D79E76DC1BEBF4480072B685 /* Assets.xcassets */ = {isa = PBXFileReference; lastKnownFileType = folder.assetcatalog; path = Assets.xcassets; sourceTree = "<group>"; };
		D79E76DF1BEBF4480072B685 /* Base */ = {isa = PBXFileReference; lastKnownFileType = file.storyboard; name = Base; path = Base.lproj/LaunchScreen.storyboard; sourceTree = "<group>"; };
		D79E76E11BEBF4480072B685 /* Info.plist */ = {isa = PBXFileReference; lastKnownFileType = text.plist.xml; path = Info.plist; sourceTree = "<group>"; };
		D79E76E61BEBF4480072B685 /* IntergalacticTravelTests.xctest */ = {isa = PBXFileReference; explicitFileType = wrapper.cfbundle; includeInIndex = 0; path = IntergalacticTravelTests.xctest; sourceTree = BUILT_PRODUCTS_DIR; };
		D79E76EA1BEBF4480072B685 /* IntergalacticTravelTests.swift */ = {isa = PBXFileReference; lastKnownFileType = sourcecode.swift; path = IntergalacticTravelTests.swift; sourceTree = "<group>"; };
		D79E76EC1BEBF4480072B685 /* Info.plist */ = {isa = PBXFileReference; lastKnownFileType = text.plist.xml; path = Info.plist; sourceTree = "<group>"; };
		D79E76F11BEBF4480072B685 /* IntergalacticTravelUITests.xctest */ = {isa = PBXFileReference; explicitFileType = wrapper.cfbundle; includeInIndex = 0; path = IntergalacticTravelUITests.xctest; sourceTree = BUILT_PRODUCTS_DIR; };
		D79E76F51BEBF4480072B685 /* IntergalacticTravelUITests.swift */ = {isa = PBXFileReference; lastKnownFileType = sourcecode.swift; path = IntergalacticTravelUITests.swift; sourceTree = "<group>"; };
		D79E76F71BEBF4480072B685 /* Info.plist */ = {isa = PBXFileReference; lastKnownFileType = text.plist.xml; path = Info.plist; sourceTree = "<group>"; };
/* End PBXFileReference section */

/* Begin PBXFrameworksBuildPhase section */
		D79E76CF1BEBF4480072B685 /* Frameworks */ = {
			isa = PBXFrameworksBuildPhase;
			buildActionMask = 2147483647;
			files = (
			);
			runOnlyForDeploymentPostprocessing = 0;
		};
		D79E76E31BEBF4480072B685 /* Frameworks */ = {
			isa = PBXFrameworksBuildPhase;
			buildActionMask = 2147483647;
			files = (
			);
			runOnlyForDeploymentPostprocessing = 0;
		};
		D79E76EE1BEBF4480072B685 /* Frameworks */ = {
			isa = PBXFrameworksBuildPhase;
			buildActionMask = 2147483647;
			files = (
			);
			runOnlyForDeploymentPostprocessing = 0;
		};
/* End PBXFrameworksBuildPhase section */

/* Begin PBXGroup section */
		D79E76C91BEBF4480072B685 = {
			isa = PBXGroup;
			children = (
				D79E76D41BEBF4480072B685 /* IntergalacticTravel */,
				D79E76E91BEBF4480072B685 /* IntergalacticTravelTests */,
				D79E76F41BEBF4480072B685 /* IntergalacticTravelUITests */,
				D79E76D31BEBF4480072B685 /* Products */,
			);
			sourceTree = "<group>";
		};
		D79E76D31BEBF4480072B685 /* Products */ = {
			isa = PBXGroup;
			children = (
				D79E76D21BEBF4480072B685 /* IntergalacticTravel.app */,
				D79E76E61BEBF4480072B685 /* IntergalacticTravelTests.xctest */,
				D79E76F11BEBF4480072B685 /* IntergalacticTravelUITests.xctest */,
			);
			name = Products;
			sourceTree = "<group>";
		};
		D79E76D41BEBF4480072B685 /* IntergalacticTravel */ = {
			isa = PBXGroup;
			children = (
				D79E76D51BEBF4480072B685 /* AppDelegate.swift */,
				D79E76D71BEBF4480072B685 /* ViewController.swift */,
				D79E76D91BEBF4480072B685 /* Main.storyboard */,
				D7002EFB1BED45CC006E58D9 /* ImageViewController.swift */,
				D79E76DC1BEBF4480072B685 /* Assets.xcassets */,
				D79E76DE1BEBF4480072B685 /* LaunchScreen.storyboard */,
				D79E76E11BEBF4480072B685 /* Info.plist */,
			);
			path = IntergalacticTravel;
			sourceTree = "<group>";
		};
		D79E76E91BEBF4480072B685 /* IntergalacticTravelTests */ = {
			isa = PBXGroup;
			children = (
				D79E76EA1BEBF4480072B685 /* IntergalacticTravelTests.swift */,
				D79E76EC1BEBF4480072B685 /* Info.plist */,
			);
			path = IntergalacticTravelTests;
			sourceTree = "<group>";
		};
		D79E76F41BEBF4480072B685 /* IntergalacticTravelUITests */ = {
			isa = PBXGroup;
			children = (
				D79E76F51BEBF4480072B685 /* IntergalacticTravelUITests.swift */,
				D79E76F71BEBF4480072B685 /* Info.plist */,
			);
			path = IntergalacticTravelUITests;
			sourceTree = "<group>";
		};
/* End PBXGroup section */

/* Begin PBXNativeTarget section */
		D79E76D11BEBF4480072B685 /* IntergalacticTravel */ = {
			isa = PBXNativeTarget;
			buildConfigurationList = D79E76FA1BEBF4480072B685 /* Build configuration list for PBXNativeTarget "IntergalacticTravel" */;
			buildPhases = (
				D79E76CE1BEBF4480072B685 /* Sources */,
				D79E76CF1BEBF4480072B685 /* Frameworks */,
				D79E76D01BEBF4480072B685 /* Resources */,
			);
			buildRules = (
			);
			dependencies = (
			);
			name = IntergalacticTravel;
			productName = IntergalacticTravel;
			productReference = D79E76D21BEBF4480072B685 /* IntergalacticTravel.app */;
			productType = "com.apple.product-type.application";
		};
		D79E76E51BEBF4480072B685 /* IntergalacticTravelTests */ = {
			isa = PBXNativeTarget;
			buildConfigurationList = D79E76FD1BEBF4480072B685 /* Build configuration list for PBXNativeTarget "IntergalacticTravelTests" */;
			buildPhases = (
				D79E76E21BEBF4480072B685 /* Sources */,
				D79E76E31BEBF4480072B685 /* Frameworks */,
				D79E76E41BEBF4480072B685 /* Resources */,
			);
			buildRules = (
			);
			dependencies = (
				D79E76E81BEBF4480072B685 /* PBXTargetDependency */,
			);
			name = IntergalacticTravelTests;
			productName = IntergalacticTravelTests;
			productReference = D79E76E61BEBF4480072B685 /* IntergalacticTravelTests.xctest */;
			productType = "com.apple.product-type.bundle.unit-test";
		};
		D79E76F01BEBF4480072B685 /* IntergalacticTravelUITests */ = {
			isa = PBXNativeTarget;
			buildConfigurationList = D79E77001BEBF4480072B685 /* Build configuration list for PBXNativeTarget "IntergalacticTravelUITests" */;
			buildPhases = (
				D79E76ED1BEBF4480072B685 /* Sources */,
				D79E76EE1BEBF4480072B685 /* Frameworks */,
				D79E76EF1BEBF4480072B685 /* Resources */,
			);
			buildRules = (
			);
			dependencies = (
				D79E76F31BEBF4480072B685 /* PBXTargetDependency */,
			);
			name = IntergalacticTravelUITests;
			productName = IntergalacticTravelUITests;
			productReference = D79E76F11BEBF4480072B685 /* IntergalacticTravelUITests.xctest */;
			productType = "com.apple.product-type.bundle.ui-testing";
		};
/* End PBXNativeTarget section */

/* Begin PBXProject section */
		D79E76CA1BEBF4480072B685 /* Project object */ = {
			isa = PBXProject;
			attributes = {
				LastSwiftUpdateCheck = 0710;
				LastUpgradeCheck = 0710;
				ORGANIZATIONNAME = "John Hersey highschool";
				TargetAttributes = {
					D79E76D11BEBF4480072B685 = {
						CreatedOnToolsVersion = 7.1;
					};
					D79E76E51BEBF4480072B685 = {
						CreatedOnToolsVersion = 7.1;
						TestTargetID = D79E76D11BEBF4480072B685;
					};
					D79E76F01BEBF4480072B685 = {
						CreatedOnToolsVersion = 7.1;
						TestTargetID = D79E76D11BEBF4480072B685;
					};
				};
			};
			buildConfigurationList = D79E76CD1BEBF4480072B685 /* Build configuration list for PBXProject "IntergalacticTravel" */;
			compatibilityVersion = "Xcode 3.2";
			developmentRegion = English;
			hasScannedForEncodings = 0;
			knownRegions = (
				en,
				Base,
			);
			mainGroup = D79E76C91BEBF4480072B685;
			productRefGroup = D79E76D31BEBF4480072B685 /* Products */;
			projectDirPath = "";
			projectRoot = "";
			targets = (
				D79E76D11BEBF4480072B685 /* IntergalacticTravel */,
				D79E76E51BEBF4480072B685 /* IntergalacticTravelTests */,
				D79E76F01BEBF4480072B685 /* IntergalacticTravelUITests */,
			);
		};
/* End PBXProject section */

/* Begin PBXResourcesBuildPhase section */
		D79E76D01BEBF4480072B685 /* Resources */ = {
			isa = PBXResourcesBuildPhase;
			buildActionMask = 2147483647;
			files = (
				D79E76E01BEBF4480072B685 /* LaunchScreen.storyboard in Resources */,
				D79E76DD1BEBF4480072B685 /* Assets.xcassets in Resources */,
				D79E76DB1BEBF4480072B685 /* Main.storyboard in Resources */,
			);
			runOnlyForDeploymentPostprocessing = 0;
		};
		D79E76E41BEBF4480072B685 /* Resources */ = {
			isa = PBXResourcesBuildPhase;
			buildActionMask = 2147483647;
			files = (
			);
			runOnlyForDeploymentPostprocessing = 0;
		};
		D79E76EF1BEBF4480072B685 /* Resources */ = {
			isa = PBXResourcesBuildPhase;
			buildActionMask = 2147483647;
			files = (
			);
			runOnlyForDeploymentPostprocessing = 0;
		};
/* End PBXResourcesBuildPhase section */

/* Begin PBXSourcesBuildPhase section */
		D79E76CE1BEBF4480072B685 /* Sources */ = {
			isa = PBXSourcesBuildPhase;
			buildActionMask = 2147483647;
			files = (
				D79E76D81BEBF4480072B685 /* ViewController.swift in Sources */,
				D7002EFC1BED45CC006E58D9 /* ImageViewController.swift in Sources */,
				D79E76D61BEBF4480072B685 /* AppDelegate.swift in Sources */,
			);
			runOnlyForDeploymentPostprocessing = 0;
		};
		D79E76E21BEBF4480072B685 /* Sources */ = {
			isa = PBXSourcesBuildPhase;
			buildActionMask = 2147483647;
			files = (
				D79E76EB1BEBF4480072B685 /* IntergalacticTravelTests.swift in Sources */,
			);
			runOnlyForDeploymentPostprocessing = 0;
		};
		D79E76ED1BEBF4480072B685 /* Sources */ = {
			isa = PBXSourcesBuildPhase;
			buildActionMask = 2147483647;
			files = (
				D79E76F61BEBF4480072B685 /* IntergalacticTravelUITests.swift in Sources */,
			);
			runOnlyForDeploymentPostprocessing = 0;
		};
/* End PBXSourcesBuildPhase section */

/* Begin PBXTargetDependency section */
		D79E76E81BEBF4480072B685 /* PBXTargetDependency */ = {
			isa = PBXTargetDependency;
			target = D79E76D11BEBF4480072B685 /* IntergalacticTravel */;
			targetProxy = D79E76E71BEBF4480072B685 /* PBXContainerItemProxy */;
		};
		D79E76F31BEBF4480072B685 /* PBXTargetDependency */ = {
			isa = PBXTargetDependency;
			target = D79E76D11BEBF4480072B685 /* IntergalacticTravel */;
			targetProxy = D79E76F21BEBF4480072B685 /* PBXContainerItemProxy */;
		};
/* End PBXTargetDependency section */

/* Begin PBXVariantGroup section */
		D79E76D91BEBF4480072B685 /* Main.storyboard */ = {
			isa = PBXVariantGroup;
			children = (
				D79E76DA1BEBF4480072B685 /* Base */,
			);
			name = Main.storyboard;
			sourceTree = "<group>";
		};
		D79E76DE1BEBF4480072B685 /* LaunchScreen.storyboard */ = {
			isa = PBXVariantGroup;
			children = (
				D79E76DF1BEBF4480072B685 /* Base */,
			);
			name = LaunchScreen.storyboard;
			sourceTree = "<group>";
		};
/* End PBXVariantGroup section */

/* Begin XCBuildConfiguration section */
		D79E76F81BEBF4480072B685 /* Debug */ = {
			isa = XCBuildConfiguration;
			buildSettings = {
				ALWAYS_SEARCH_USER_PATHS = NO;
				CLANG_CXX_LANGUAGE_STANDARD = "gnu++0x";
				CLANG_CXX_LIBRARY = "libc++";
				CLANG_ENABLE_MODULES = YES;
				CLANG_ENABLE_OBJC_ARC = YES;
				CLANG_WARN_BOOL_CONVERSION = YES;
				CLANG_WARN_CONSTANT_CONVERSION = YES;
				CLANG_WARN_DIRECT_OBJC_ISA_USAGE = YES_ERROR;
				CLANG_WARN_EMPTY_BODY = YES;
				CLANG_WARN_ENUM_CONVERSION = YES;
				CLANG_WARN_INT_CONVERSION = YES;
				CLANG_WARN_OBJC_ROOT_CLASS = YES_ERROR;
				CLANG_WARN_UNREACHABLE_CODE = YES;
				CLANG_WARN__DUPLICATE_METHOD_MATCH = YES;
				"CODE_SIGN_IDENTITY[sdk=iphoneos*]" = "iPhone Developer";
				COPY_PHASE_STRIP = NO;
				DEBUG_INFORMATION_FORMAT = dwarf;
				ENABLE_STRICT_OBJC_MSGSEND = YES;
				ENABLE_TESTABILITY = YES;
				GCC_C_LANGUAGE_STANDARD = gnu99;
				GCC_DYNAMIC_NO_PIC = NO;
				GCC_NO_COMMON_BLOCKS = YES;
				GCC_OPTIMIZATION_LEVEL = 0;
				GCC_PREPROCESSOR_DEFINITIONS = (
					"DEBUG=1",
					"$(inherited)",
				);
				GCC_WARN_64_TO_32_BIT_CONVERSION = YES;
				GCC_WARN_ABOUT_RETURN_TYPE = YES_ERROR;
				GCC_WARN_UNDECLARED_SELECTOR = YES;
				GCC_WARN_UNINITIALIZED_AUTOS = YES_AGGRESSIVE;
				GCC_WARN_UNUSED_FUNCTION = YES;
				GCC_WARN_UNUSED_VARIABLE = YES;
				IPHONEOS_DEPLOYMENT_TARGET = 9.1;
				MTL_ENABLE_DEBUG_INFO = YES;
				ONLY_ACTIVE_ARCH = YES;
				SDKROOT = iphoneos;
				SWIFT_OPTIMIZATION_LEVEL = "-Onone";
				TARGETED_DEVICE_FAMILY = "1,2";
			};
			name = Debug;
		};
		D79E76F91BEBF4480072B685 /* Release */ = {
			isa = XCBuildConfiguration;
			buildSettings = {
				ALWAYS_SEARCH_USER_PATHS = NO;
				CLANG_CXX_LANGUAGE_STANDARD = "gnu++0x";
				CLANG_CXX_LIBRARY = "libc++";
				CLANG_ENABLE_MODULES = YES;
				CLANG_ENABLE_OBJC_ARC = YES;
				CLANG_WARN_BOOL_CONVERSION = YES;
				CLANG_WARN_CONSTANT_CONVERSION = YES;
				CLANG_WARN_DIRECT_OBJC_ISA_USAGE = YES_ERROR;
				CLANG_WARN_EMPTY_BODY = YES;
				CLANG_WARN_ENUM_CONVERSION = YES;
				CLANG_WARN_INT_CONVERSION = YES;
				CLANG_WARN_OBJC_ROOT_CLASS = YES_ERROR;
				CLANG_WARN_UNREACHABLE_CODE = YES;
				CLANG_WARN__DUPLICATE_METHOD_MATCH = YES;
				"CODE_SIGN_IDENTITY[sdk=iphoneos*]" = "iPhone Developer";
				COPY_PHASE_STRIP = NO;
				DEBUG_INFORMATION_FORMAT = "dwarf-with-dsym";
				ENABLE_NS_ASSERTIONS = NO;
				ENABLE_STRICT_OBJC_MSGSEND = YES;
				GCC_C_LANGUAGE_STANDARD = gnu99;
				GCC_NO_COMMON_BLOCKS = YES;
				GCC_WARN_64_TO_32_BIT_CONVERSION = YES;
				GCC_WARN_ABOUT_RETURN_TYPE = YES_ERROR;
				GCC_WARN_UNDECLARED_SELECTOR = YES;
				GCC_WARN_UNINITIALIZED_AUTOS = YES_AGGRESSIVE;
				GCC_WARN_UNUSED_FUNCTION = YES;
				GCC_WARN_UNUSED_VARIABLE = YES;
				IPHONEOS_DEPLOYMENT_TARGET = 9.1;
				MTL_ENABLE_DEBUG_INFO = NO;
				SDKROOT = iphoneos;
				TARGETED_DEVICE_FAMILY = "1,2";
				VALIDATE_PRODUCT = YES;
			};
			name = Release;
		};
		D79E76FB1BEBF4480072B685 /* Debug */ = {
			isa = XCBuildConfiguration;
			buildSettings = {
				ASSETCATALOG_COMPILER_APPICON_NAME = AppIcon;
				INFOPLIST_FILE = IntergalacticTravel/Info.plist;
				LD_RUNPATH_SEARCH_PATHS = "$(inherited) @executable_path/Frameworks";
				PRODUCT_BUNDLE_IDENTIFIER = JHHS.IntergalacticTravel;
				PRODUCT_NAME = "$(TARGET_NAME)";
			};
			name = Debug;
		};
		D79E76FC1BEBF4480072B685 /* Release */ = {
			isa = XCBuildConfiguration;
			buildSettings = {
				ASSETCATALOG_COMPILER_APPICON_NAME = AppIcon;
				INFOPLIST_FILE = IntergalacticTravel/Info.plist;
				LD_RUNPATH_SEARCH_PATHS = "$(inherited) @executable_path/Frameworks";
				PRODUCT_BUNDLE_IDENTIFIER = JHHS.IntergalacticTravel;
				PRODUCT_NAME = "$(TARGET_NAME)";
			};
			name = Release;
		};
		D79E76FE1BEBF4480072B685 /* Debug */ = {
			isa = XCBuildConfiguration;
			buildSettings = {
				BUNDLE_LOADER = "$(TEST_HOST)";
				INFOPLIST_FILE = IntergalacticTravelTests/Info.plist;
				LD_RUNPATH_SEARCH_PATHS = "$(inherited) @executable_path/Frameworks @loader_path/Frameworks";
				PRODUCT_BUNDLE_IDENTIFIER = JHHS.IntergalacticTravelTests;
				PRODUCT_NAME = "$(TARGET_NAME)";
				TEST_HOST = "$(BUILT_PRODUCTS_DIR)/IntergalacticTravel.app/IntergalacticTravel";
			};
			name = Debug;
		};
		D79E76FF1BEBF4480072B685 /* Release */ = {
			isa = XCBuildConfiguration;
			buildSettings = {
				BUNDLE_LOADER = "$(TEST_HOST)";
				INFOPLIST_FILE = IntergalacticTravelTests/Info.plist;
				LD_RUNPATH_SEARCH_PATHS = "$(inherited) @executable_path/Frameworks @loader_path/Frameworks";
				PRODUCT_BUNDLE_IDENTIFIER = JHHS.IntergalacticTravelTests;
				PRODUCT_NAME = "$(TARGET_NAME)";
				TEST_HOST = "$(BUILT_PRODUCTS_DIR)/IntergalacticTravel.app/IntergalacticTravel";
			};
			name = Release;
		};
		D79E77011BEBF4480072B685 /* Debug */ = {
			isa = XCBuildConfiguration;
			buildSettings = {
				INFOPLIST_FILE = IntergalacticTravelUITests/Info.plist;
				LD_RUNPATH_SEARCH_PATHS = "$(inherited) @executable_path/Frameworks @loader_path/Frameworks";
				PRODUCT_BUNDLE_IDENTIFIER = JHHS.IntergalacticTravelUITests;
				PRODUCT_NAME = "$(TARGET_NAME)";
				TEST_TARGET_NAME = IntergalacticTravel;
				USES_XCTRUNNER = YES;
			};
			name = Debug;
		};
		D79E77021BEBF4480072B685 /* Release */ = {
			isa = XCBuildConfiguration;
			buildSettings = {
				INFOPLIST_FILE = IntergalacticTravelUITests/Info.plist;
				LD_RUNPATH_SEARCH_PATHS = "$(inherited) @executable_path/Frameworks @loader_path/Frameworks";
				PRODUCT_BUNDLE_IDENTIFIER = JHHS.IntergalacticTravelUITests;
				PRODUCT_NAME = "$(TARGET_NAME)";
				TEST_TARGET_NAME = IntergalacticTravel;
				USES_XCTRUNNER = YES;
			};
			name = Release;
		};
/* End XCBuildConfiguration section */

/* Begin XCConfigurationList section */
		D79E76CD1BEBF4480072B685 /* Build configuration list for PBXProject "IntergalacticTravel" */ = {
			isa = XCConfigurationList;
			buildConfigurations = (
				D79E76F81BEBF4480072B685 /* Debug */,
				D79E76F91BEBF4480072B685 /* Release */,
			);
			defaultConfigurationIsVisible = 0;
			defaultConfigurationName = Release;
		};
		D79E76FA1BEBF4480072B685 /* Build configuration list for PBXNativeTarget "IntergalacticTravel" */ = {
			isa = XCConfigurationList;
			buildConfigurations = (
				D79E76FB1BEBF4480072B685 /* Debug */,
				D79E76FC1BEBF4480072B685 /* Release */,
			);
			defaultConfigurationIsVisible = 0;
			defaultConfigurationName = Release;
		};
		D79E76FD1BEBF4480072B685 /* Build configuration list for PBXNativeTarget "IntergalacticTravelTests" */ = {
			isa = XCConfigurationList;
			buildConfigurations = (
				D79E76FE1BEBF4480072B685 /* Debug */,
				D79E76FF1BEBF4480072B685 /* Release */,
			);
			defaultConfigurationIsVisible = 0;
			defaultConfigurationName = Release;
		};
		D79E77001BEBF4480072B685 /* Build configuration list for PBXNativeTarget "IntergalacticTravelUITests" */ = {
			isa = XCConfigurationList;
			buildConfigurations = (
				D79E77011BEBF4480072B685 /* Debug */,
				D79E77021BEBF4480072B685 /* Release */,
			);
			defaultConfigurationIsVisible = 0;
			defaultConfigurationName = Release;
		};
/* End XCConfigurationList section */
	};
	rootObject = D79E76CA1BEBF4480072B685 /* Project object */;
}
